{
  "name": "openMedia",
  "lockfileVersion": 2,
  "requires": true,
  "packages": {
    "": {
      "dependencies": {
        "@rpldy/uploady": "^1.8.2"
      }
    },
    "node_modules/@rpldy/abort": {
      "version": "1.8.2",
      "resolved": "https://registry.npmjs.org/@rpldy/abort/-/abort-1.8.2.tgz",
      "integrity": "sha512-spmQmxnQlG7+gnqHE+urb3rw82486EPbyT86s+aCAwEjWZ8M3i2rLRjZ+iC1oIoo+q35/CdzxvkeCaEPA6V1VA==",
      "dependencies": {
        "@rpldy/raw-uploader": "^1.8.2",
        "@rpldy/shared": "^1.8.2",
        "@rpldy/simple-state": "^1.8.2"
      },
      "funding": {
        "type": "opencollective",
        "url": "https://opencollective.com/react-uploady"
      }
    },
    "node_modules/@rpldy/life-events": {
      "version": "1.8.2",
      "resolved": "https://registry.npmjs.org/@rpldy/life-events/-/life-events-1.8.2.tgz",
      "integrity": "sha512-VU33Hnd7qErhManl4WJcNYZAn0qMllmEPckNoHczB8RQ7UuBpUGu29+4srb9F+a/Iz3N4feitC11DcOqlUznZA==",
      "dependencies": {
        "@rpldy/shared": "^1.8.2"
      },
      "funding": {
        "type": "opencollective",
        "url": "https://opencollective.com/react-uploady"
      }
    },
    "node_modules/@rpldy/raw-uploader": {
      "version": "1.8.2",
      "resolved": "https://registry.npmjs.org/@rpldy/raw-uploader/-/raw-uploader-1.8.2.tgz",
      "integrity": "sha512-rADIzpm2FKyDN550xfWhTOYZVj5maElGRoMTRYybphH5T0A/94h58XlDr8a/6PyRnKjtRFmy2Cz9y9e9pKE7fg==",
      "dependencies": {
        "@rpldy/life-events": "^1.8.2",
        "@rpldy/shared": "^1.8.2"
      },
      "funding": {
        "type": "opencollective",
        "url": "https://opencollective.com/react-uploady"
      }
    },
    "node_modules/@rpldy/sender": {
      "version": "1.8.2",
      "resolved": "https://registry.npmjs.org/@rpldy/sender/-/sender-1.8.2.tgz",
      "integrity": "sha512-PqmFPjPwU4zBx1oLxeZ3iqJY/jYeWsCFLRftiQDyJ0BuHTl0cJzmaoDpUcNDXbtuMXVk6sqCSZjRUJggxKoCDQ==",
      "dependencies": {
        "@rpldy/shared": "^1.8.2"
      },
      "funding": {
        "type": "opencollective",
        "url": "https://opencollective.com/react-uploady"
      }
    },
    "node_modules/@rpldy/shared": {
      "version": "1.8.2",
      "resolved": "https://registry.npmjs.org/@rpldy/shared/-/shared-1.8.2.tgz",
      "integrity": "sha512-NCKif2H/3TSLJxGRnaSGKQvghqHmg9yaFT/Eg+gl2BTJ2mHhE8tN1e1kXLneZug4ndLQJgQuv00qDzMRVC5mHA==",
      "dependencies": {
        "invariant": "^2.2.4",
        "just-throttle": "^4.2.0"
      },
      "funding": {
        "type": "opencollective",
        "url": "https://opencollective.com/react-uploady"
      }
    },
    "node_modules/@rpldy/shared-ui": {
      "version": "1.8.2",
      "resolved": "https://registry.npmjs.org/@rpldy/shared-ui/-/shared-ui-1.8.2.tgz",
      "integrity": "sha512-KkyIJYstRl0RfBXnbQ2cJlZeRRjRaKncDUrr6/Hlvi8lwK+BPSCZw/m2BAsNpXc6F0UHQEF7aKJxsN8TujxuOQ==",
      "dependencies": {
        "@rpldy/shared": "1.8.2",
        "@rpldy/uploader": "1.8.2"
      },
      "funding": {
        "type": "opencollective",
        "url": "https://opencollective.com/react-uploady"
      },
      "peerDependencies": {
        "react": ">=16.8"
      }
    },
    "node_modules/@rpldy/simple-state": {
      "version": "1.8.2",
      "resolved": "https://registry.npmjs.org/@rpldy/simple-state/-/simple-state-1.8.2.tgz",
      "integrity": "sha512-H98AD5TKmmBDP4RcjEy9rpjHeuJgEHguUYYR2QYx4efFBrkpzVwA090OGPjvwGgnweCOH1ZC67vGeJmIn1YJ0A==",
      "dependencies": {
        "@rpldy/shared": "^1.8.2"
      },
      "funding": {
        "type": "opencollective",
        "url": "https://opencollective.com/react-uploady"
      }
    },
    "node_modules/@rpldy/uploader": {
      "version": "1.8.2",
      "resolved": "https://registry.npmjs.org/@rpldy/uploader/-/uploader-1.8.2.tgz",
      "integrity": "sha512-pyFKielv3kP4jSI0hnW/a0iDNg5bXMhUS3bFMliq/xh2ODem8a8cBFGS4uJ94xlIWAF+3t9KKzI8D4EVj/KfBA==",
      "dependencies": {
        "@rpldy/abort": "^1.8.2",
        "@rpldy/life-events": "^1.8.2",
        "@rpldy/raw-uploader": "^1.8.2",
        "@rpldy/sender": "^1.8.2",
        "@rpldy/shared": "^1.8.2",
        "@rpldy/simple-state": "^1.8.2"
      },
      "funding": {
        "type": "opencollective",
        "url": "https://opencollective.com/react-uploady"
      }
    },
    "node_modules/@rpldy/uploady": {
      "version": "1.8.2",
      "resolved": "https://registry.npmjs.org/@rpldy/uploady/-/uploady-1.8.2.tgz",
      "integrity": "sha512-pywD7GbeU7Yev+XVewX2wk1REuNjnf59TAD+1YHIWdz1uOz1X6NxiTGCQCIjp6zbAGleZHCQM1K5Ohu2oamoaw==",
      "dependencies": {
        "@rpldy/life-events": "1.8.2",
        "@rpldy/shared": "1.8.2",
        "@rpldy/shared-ui": "1.8.2",
        "@rpldy/uploader": "1.8.2"
      },
      "funding": {
        "type": "opencollective",
        "url": "https://opencollective.com/react-uploady"
      },
      "peerDependencies": {
        "react": ">=16.8",
        "react-dom": ">=16.8"
      }
    },
    "node_modules/invariant": {
      "version": "2.2.4",
      "resolved": "https://registry.npmjs.org/invariant/-/invariant-2.2.4.tgz",
      "integrity": "sha512-phJfQVBuaJM5raOpJjSfkiD6BpbCE4Ns//LaXl6wGYtUBY83nWS6Rf9tXm2e8VaK60JEjYldbPif/A2B1C2gNA==",
      "dependencies": {
        "loose-envify": "^1.0.0"
      }
    },
    "node_modules/js-tokens": {
      "version": "4.0.0",
      "resolved": "https://registry.npmjs.org/js-tokens/-/js-tokens-4.0.0.tgz",
      "integrity": "sha512-RdJUflcE3cUzKiMqQgsCu06FPu9UdIJO0beYbPhHN4k6apgJtifcoCtT9bcxOpYBtpD2kCM6Sbzg4CausW/PKQ=="
    },
    "node_modules/just-throttle": {
      "version": "4.2.0",
      "resolved": "https://registry.npmjs.org/just-throttle/-/just-throttle-4.2.0.tgz",
      "integrity": "sha512-/iAZv1953JcExpvsywaPKjSzfTiCLqeguUTE6+VmK15mOcwxBx7/FHrVvS4WEErMR03TRazH8kcBSHqMagYIYg=="
    },
    "node_modules/loose-envify": {
      "version": "1.4.0",
      "resolved": "https://registry.npmjs.org/loose-envify/-/loose-envify-1.4.0.tgz",
      "integrity": "sha512-lyuxPGr/Wfhrlem2CL/UcnUc1zcqKAImBDzukY7Y5F/yQiNdko6+fRLevlw1HgMySw7f611UIY408EtxRSoK3Q==",
      "dependencies": {
        "js-tokens": "^3.0.0 || ^4.0.0"
      },
      "bin": {
        "loose-envify": "cli.js"
      }
    },
    "node_modules/react": {
      "version": "18.3.1",
      "resolved": "https://registry.npmjs.org/react/-/react-18.3.1.tgz",
      "integrity": "sha512-wS+hAgJShR0KhEvPJArfuPVN1+Hz1t0Y6n5jLrGQbkb4urgPE/0Rve+1kMB1v/oWgHgm4WIcV+i7F2pTVj+2iQ==",
      "peer": true,
      "dependencies": {
        "loose-envify": "^1.1.0"
      },
      "engines": {
        "node": ">=0.10.0"
      }
    },
    "node_modules/react-dom": {
      "version": "18.3.1",
      "resolved": "https://registry.npmjs.org/react-dom/-/react-dom-18.3.1.tgz",
      "integrity": "sha512-5m4nQKp+rZRb09LNH59GM4BxTh9251/ylbKIbpe7TpGxfJ+9kv6BLkLBXIjjspbgbnIBNqlI23tRnTWT0snUIw==",
      "peer": true,
      "dependencies": {
        "loose-envify": "^1.1.0",
        "scheduler": "^0.23.2"
      },
      "peerDependencies": {
        "react": "^18.3.1"
      }
    },
    "node_modules/scheduler": {
      "version": "0.23.2",
      "resolved": "https://registry.npmjs.org/scheduler/-/scheduler-0.23.2.tgz",
      "integrity": "sha512-UOShsPwz7NrMUqhR6t0hWjFduvOzbtv7toDH1/hIrfRNIDBnnBWd0CwJTGvTpngVlmwGCdP9/Zl/tVrDqcuYzQ==",
      "peer": true,
      "dependencies": {
        "loose-envify": "^1.1.0"
      }
    }
  },
  "dependencies": {
    "@rpldy/abort": {
      "version": "1.8.2",
      "resolved": "https://registry.npmjs.org/@rpldy/abort/-/abort-1.8.2.tgz",
      "integrity": "sha512-spmQmxnQlG7+gnqHE+urb3rw82486EPbyT86s+aCAwEjWZ8M3i2rLRjZ+iC1oIoo+q35/CdzxvkeCaEPA6V1VA==",
      "requires": {
        "@rpldy/raw-uploader": "^1.8.2",
        "@rpldy/shared": "^1.8.2",
        "@rpldy/simple-state": "^1.8.2"
      }
    },
    "@rpldy/life-events": {
      "version": "1.8.2",
      "resolved": "https://registry.npmjs.org/@rpldy/life-events/-/life-events-1.8.2.tgz",
      "integrity": "sha512-VU33Hnd7qErhManl4WJcNYZAn0qMllmEPckNoHczB8RQ7UuBpUGu29+4srb9F+a/Iz3N4feitC11DcOqlUznZA==",
      "requires": {
        "@rpldy/shared": "^1.8.2"
      }
    },
    "@rpldy/raw-uploader": {
      "version": "1.8.2",
      "resolved": "https://registry.npmjs.org/@rpldy/raw-uploader/-/raw-uploader-1.8.2.tgz",
      "integrity": "sha512-rADIzpm2FKyDN550xfWhTOYZVj5maElGRoMTRYybphH5T0A/94h58XlDr8a/6PyRnKjtRFmy2Cz9y9e9pKE7fg==",
      "requires": {
        "@rpldy/life-events": "^1.8.2",
        "@rpldy/shared": "^1.8.2"
      }
    },
    "@rpldy/sender": {
      "version": "1.8.2",
      "resolved": "https://registry.npmjs.org/@rpldy/sender/-/sender-1.8.2.tgz",
      "integrity": "sha512-PqmFPjPwU4zBx1oLxeZ3iqJY/jYeWsCFLRftiQDyJ0BuHTl0cJzmaoDpUcNDXbtuMXVk6sqCSZjRUJggxKoCDQ==",
      "requires": {
        "@rpldy/shared": "^1.8.2"
      }
    },
    "@rpldy/shared": {
      "version": "1.8.2",
      "resolved": "https://registry.npmjs.org/@rpldy/shared/-/shared-1.8.2.tgz",
      "integrity": "sha512-NCKif2H/3TSLJxGRnaSGKQvghqHmg9yaFT/Eg+gl2BTJ2mHhE8tN1e1kXLneZug4ndLQJgQuv00qDzMRVC5mHA==",
      "requires": {
        "invariant": "^2.2.4",
        "just-throttle": "^4.2.0"
      }
    },
    "@rpldy/shared-ui": {
      "version": "1.8.2",
      "resolved": "https://registry.npmjs.org/@rpldy/shared-ui/-/shared-ui-1.8.2.tgz",
      "integrity": "sha512-KkyIJYstRl0RfBXnbQ2cJlZeRRjRaKncDUrr6/Hlvi8lwK+BPSCZw/m2BAsNpXc6F0UHQEF7aKJxsN8TujxuOQ==",
      "requires": {
        "@rpldy/shared": "1.8.2",
        "@rpldy/uploader": "1.8.2"
      }
    },
    "@rpldy/simple-state": {
      "version": "1.8.2",
      "resolved": "https://registry.npmjs.org/@rpldy/simple-state/-/simple-state-1.8.2.tgz",
      "integrity": "sha512-H98AD5TKmmBDP4RcjEy9rpjHeuJgEHguUYYR2QYx4efFBrkpzVwA090OGPjvwGgnweCOH1ZC67vGeJmIn1YJ0A==",
      "requires": {
        "@rpldy/shared": "^1.8.2"
      }
    },
    "@rpldy/uploader": {
      "version": "1.8.2",
      "resolved": "https://registry.npmjs.org/@rpldy/uploader/-/uploader-1.8.2.tgz",
      "integrity": "sha512-pyFKielv3kP4jSI0hnW/a0iDNg5bXMhUS3bFMliq/xh2ODem8a8cBFGS4uJ94xlIWAF+3t9KKzI8D4EVj/KfBA==",
      "requires": {
        "@rpldy/abort": "^1.8.2",
        "@rpldy/life-events": "^1.8.2",
        "@rpldy/raw-uploader": "^1.8.2",
        "@rpldy/sender": "^1.8.2",
        "@rpldy/shared": "^1.8.2",
        "@rpldy/simple-state": "^1.8.2"
      }
    },
    "@rpldy/uploady": {
      "version": "1.8.2",
      "resolved": "https://registry.npmjs.org/@rpldy/uploady/-/uploady-1.8.2.tgz",
      "integrity": "sha512-pywD7GbeU7Yev+XVewX2wk1REuNjnf59TAD+1YHIWdz1uOz1X6NxiTGCQCIjp6zbAGleZHCQM1K5Ohu2oamoaw==",
      "requires": {
        "@rpldy/life-events": "1.8.2",
        "@rpldy/shared": "1.8.2",
        "@rpldy/shared-ui": "1.8.2",
        "@rpldy/uploader": "1.8.2"
      }
    },
    "invariant": {
      "version": "2.2.4",
      "resolved": "https://registry.npmjs.org/invariant/-/invariant-2.2.4.tgz",
      "integrity": "sha512-phJfQVBuaJM5raOpJjSfkiD6BpbCE4Ns//LaXl6wGYtUBY83nWS6Rf9tXm2e8VaK60JEjYldbPif/A2B1C2gNA==",
      "requires": {
        "loose-envify": "^1.0.0"
      }
    },
    "js-tokens": {
      "version": "4.0.0",
      "resolved": "https://registry.npmjs.org/js-tokens/-/js-tokens-4.0.0.tgz",
      "integrity": "sha512-RdJUflcE3cUzKiMqQgsCu06FPu9UdIJO0beYbPhHN4k6apgJtifcoCtT9bcxOpYBtpD2kCM6Sbzg4CausW/PKQ=="
    },
    "just-throttle": {
      "version": "4.2.0",
      "resolved": "https://registry.npmjs.org/just-throttle/-/just-throttle-4.2.0.tgz",
      "integrity": "sha512-/iAZv1953JcExpvsywaPKjSzfTiCLqeguUTE6+VmK15mOcwxBx7/FHrVvS4WEErMR03TRazH8kcBSHqMagYIYg=="
    },
    "loose-envify": {
      "version": "1.4.0",
      "resolved": "https://registry.npmjs.org/loose-envify/-/loose-envify-1.4.0.tgz",
      "integrity": "sha512-lyuxPGr/Wfhrlem2CL/UcnUc1zcqKAImBDzukY7Y5F/yQiNdko6+fRLevlw1HgMySw7f611UIY408EtxRSoK3Q==",
      "requires": {
        "js-tokens": "^3.0.0 || ^4.0.0"
      }
    },
    "react": {
      "version": "18.3.1",
      "resolved": "https://registry.npmjs.org/react/-/react-18.3.1.tgz",
      "integrity": "sha512-wS+hAgJShR0KhEvPJArfuPVN1+Hz1t0Y6n5jLrGQbkb4urgPE/0Rve+1kMB1v/oWgHgm4WIcV+i7F2pTVj+2iQ==",
      "peer": true,
      "requires": {
        "loose-envify": "^1.1.0"
      }
    },
    "react-dom": {
      "version": "18.3.1",
      "resolved": "https://registry.npmjs.org/react-dom/-/react-dom-18.3.1.tgz",
      "integrity": "sha512-5m4nQKp+rZRb09LNH59GM4BxTh9251/ylbKIbpe7TpGxfJ+9kv6BLkLBXIjjspbgbnIBNqlI23tRnTWT0snUIw==",
      "peer": true,
      "requires": {
        "loose-envify": "^1.1.0",
        "scheduler": "^0.23.2"
      }
    },
    "scheduler": {
      "version": "0.23.2",
      "resolved": "https://registry.npmjs.org/scheduler/-/scheduler-0.23.2.tgz",
      "integrity": "sha512-UOShsPwz7NrMUqhR6t0hWjFduvOzbtv7toDH1/hIrfRNIDBnnBWd0CwJTGvTpngVlmwGCdP9/Zl/tVrDqcuYzQ==",
      "peer": true,
      "requires": {
        "loose-envify": "^1.1.0"
      }
    }
  }
}
